
Microsoft Visual Studio Solution File, Format Version 12.00
Project("{FAE04EC0-301F-11D3-BF4B-00C04F79EFBC}") = "EventPoster.Service", "EventPoster.Service\EventPoster.Service.csproj", "{388CF1A7-1653-47E0-ABA5-5141C4BC0DE4}"
EndProject
Global
	GlobalSection(SolutionConfigurationPlatforms) = preSolution
		Debug|Any CPU = Debug|Any CPU
		Release|Any CPU = Release|Any CPU
	EndGlobalSection
	GlobalSection(ProjectConfigurationPlatforms) = postSolution
		{388CF1A7-1653-47E0-ABA5-5141C4BC0DE4}.Debug|Any CPU.ActiveCfg = Debug|Any CPU
		{388CF1A7-1653-47E0-ABA5-5141C4BC0DE4}.Debug|Any CPU.Build.0 = Debug|Any CPU
		{388CF1A7-1653-47E0-ABA5-5141C4BC0DE4}.Release|Any CPU.ActiveCfg = Release|Any CPU
		{388CF1A7-1653-47E0-ABA5-5141C4BC0DE4}.Release|Any CPU.Build.0 = Release|Any CPU
	EndGlobalSection
EndGlobal
